
Microsoft Visual Studio Solution File, Format Version 12.00
# Visual Studio Version 16
VisualStudioVersion = 16.0.30114.105
MinimumVisualStudioVersion = 10.0.40219.1
Project("{FAE04EC0-301F-11D3-BF4B-00C04F79EFBC}") = "ExemploFundamentosCSharp", "ExemploFundamentos\ExemploFundamentosCSharp.csproj", "{7E293CBE-20CF-4534-B84C-281445E1D7DE}"
EndProject
Project("{FAE04EC0-301F-11D3-BF4B-00C04F79EFBC}") = "ExemploFundamentos.Common", "ExemploFundamentos.Common\ExemploFundamentos.Common.csproj", "{BC3A4E63-68AC-4DE5-BD84-859A3432D502}"
EndProject
Global
	GlobalSection(SolutionConfigurationPlatforms) = preSolution
		Debug|Any CPU = Debug|Any CPU
		Release|Any CPU = Release|Any CPU
	EndGlobalSection
	GlobalSection(SolutionProperties) = preSolution
		HideSolutionNode = FALSE
	EndGlobalSection
	GlobalSection(ProjectConfigurationPlatforms) = postSolution
		{7E293CBE-20CF-4534-B84C-281445E1D7DE}.Debug|Any CPU.ActiveCfg = Debug|Any CPU
		{7E293CBE-20CF-4534-B84C-281445E1D7DE}.Debug|Any CPU.Build.0 = Debug|Any CPU
		{7E293CBE-20CF-4534-B84C-281445E1D7DE}.Release|Any CPU.ActiveCfg = Release|Any CPU
		{7E293CBE-20CF-4534-B84C-281445E1D7DE}.Release|Any CPU.Build.0 = Release|Any CPU
		{BC3A4E63-68AC-4DE5-BD84-859A3432D502}.Debug|Any CPU.ActiveCfg = Debug|Any CPU
		{BC3A4E63-68AC-4DE5-BD84-859A3432D502}.Debug|Any CPU.Build.0 = Debug|Any CPU
		{BC3A4E63-68AC-4DE5-BD84-859A3432D502}.Release|Any CPU.ActiveCfg = Release|Any CPU
		{BC3A4E63-68AC-4DE5-BD84-859A3432D502}.Release|Any CPU.Build.0 = Release|Any CPU
	EndGlobalSection
EndGlobal
